// !$*UTF8*$!
{
	archiveVersion = 1;
	classes = {
	};
	objectVersion = 50;
	objects = {

/* Begin PBXBuildFile section */
		4171379BC0F76A5475CCD900 /* Pods_PostsViewer.framework in Frameworks */ = {isa = PBXBuildFile; fileRef = 1D31F715F7A74128D7DF671E /* Pods_PostsViewer.framework */; };
		D277AAE025E3A7C800F07D85 /* AppDelegate.swift in Sources */ = {isa = PBXBuildFile; fileRef = D277AADF25E3A7C800F07D85 /* AppDelegate.swift */; };
		D277AAE525E3A7C800F07D85 /* Main.storyboard in Resources */ = {isa = PBXBuildFile; fileRef = D277AAE325E3A7C800F07D85 /* Main.storyboard */; };
		D277AAE825E3A7C800F07D85 /* PostsViewer.xcdatamodeld in Sources */ = {isa = PBXBuildFile; fileRef = D277AAE625E3A7C800F07D85 /* PostsViewer.xcdatamodeld */; };
		D277AAEA25E3A7CB00F07D85 /* Assets.xcassets in Resources */ = {isa = PBXBuildFile; fileRef = D277AAE925E3A7CB00F07D85 /* Assets.xcassets */; };
		D277AAED25E3A7CB00F07D85 /* LaunchScreen.storyboard in Resources */ = {isa = PBXBuildFile; fileRef = D277AAEB25E3A7CB00F07D85 /* LaunchScreen.storyboard */; };
		D277AAF525E3B10500F07D85 /* LoginVC.swift in Sources */ = {isa = PBXBuildFile; fileRef = D277AAF425E3B10500F07D85 /* LoginVC.swift */; };
		D277AAF725E3B2F400F07D85 /* LoginViewModel.swift in Sources */ = {isa = PBXBuildFile; fileRef = D277AAF625E3B2F400F07D85 /* LoginViewModel.swift */; };
		D277AAFB25E3C61700F07D85 /* PostsDisplayVC.swift in Sources */ = {isa = PBXBuildFile; fileRef = D277AAFA25E3C61700F07D85 /* PostsDisplayVC.swift */; };
		D277AAFD25E3C65000F07D85 /* PostsDisplayViewModel.swift in Sources */ = {isa = PBXBuildFile; fileRef = D277AAFC25E3C65000F07D85 /* PostsDisplayViewModel.swift */; };
		D277AB0025E3CD7600F07D85 /* WebserviceHelper.swift in Sources */ = {isa = PBXBuildFile; fileRef = D277AAFF25E3CD7600F07D85 /* WebserviceHelper.swift */; };
/* End PBXBuildFile section */

/* Begin PBXFileReference section */
		1D31F715F7A74128D7DF671E /* Pods_PostsViewer.framework */ = {isa = PBXFileReference; explicitFileType = wrapper.framework; includeInIndex = 0; path = Pods_PostsViewer.framework; sourceTree = BUILT_PRODUCTS_DIR; };
		265BB11E498680B0D364E30E /* Pods-PostsViewer.release.xcconfig */ = {isa = PBXFileReference; includeInIndex = 1; lastKnownFileType = text.xcconfig; name = "Pods-PostsViewer.release.xcconfig"; path = "Pods/Target Support Files/Pods-PostsViewer/Pods-PostsViewer.release.xcconfig"; sourceTree = "<group>"; };
		A9D342C9CA32A081F8AE6742 /* Pods-PostsViewer.debug.xcconfig */ = {isa = PBXFileReference; includeInIndex = 1; lastKnownFileType = text.xcconfig; name = "Pods-PostsViewer.debug.xcconfig"; path = "Pods/Target Support Files/Pods-PostsViewer/Pods-PostsViewer.debug.xcconfig"; sourceTree = "<group>"; };
		D277AADC25E3A7C800F07D85 /* PostsViewer.app */ = {isa = PBXFileReference; explicitFileType = wrapper.application; includeInIndex = 0; path = PostsViewer.app; sourceTree = BUILT_PRODUCTS_DIR; };
		D277AADF25E3A7C800F07D85 /* AppDelegate.swift */ = {isa = PBXFileReference; lastKnownFileType = sourcecode.swift; path = AppDelegate.swift; sourceTree = "<group>"; };
		D277AAE425E3A7C800F07D85 /* Base */ = {isa = PBXFileReference; lastKnownFileType = file.storyboard; name = Base; path = Base.lproj/Main.storyboard; sourceTree = "<group>"; };
		D277AAE725E3A7C800F07D85 /* PostsViewer.xcdatamodel */ = {isa = PBXFileReference; lastKnownFileType = wrapper.xcdatamodel; path = PostsViewer.xcdatamodel; sourceTree = "<group>"; };
		D277AAE925E3A7CB00F07D85 /* Assets.xcassets */ = {isa = PBXFileReference; lastKnownFileType = folder.assetcatalog; path = Assets.xcassets; sourceTree = "<group>"; };
		D277AAEC25E3A7CB00F07D85 /* Base */ = {isa = PBXFileReference; lastKnownFileType = file.storyboard; name = Base; path = Base.lproj/LaunchScreen.storyboard; sourceTree = "<group>"; };
		D277AAEE25E3A7CB00F07D85 /* Info.plist */ = {isa = PBXFileReference; lastKnownFileType = text.plist.xml; path = Info.plist; sourceTree = "<group>"; };
		D277AAF425E3B10500F07D85 /* LoginVC.swift */ = {isa = PBXFileReference; lastKnownFileType = sourcecode.swift; path = LoginVC.swift; sourceTree = "<group>"; };
		D277AAF625E3B2F400F07D85 /* LoginViewModel.swift */ = {isa = PBXFileReference; lastKnownFileType = sourcecode.swift; path = LoginViewModel.swift; sourceTree = "<group>"; };
		D277AAFA25E3C61700F07D85 /* PostsDisplayVC.swift */ = {isa = PBXFileReference; lastKnownFileType = sourcecode.swift; path = PostsDisplayVC.swift; sourceTree = "<group>"; };
		D277AAFC25E3C65000F07D85 /* PostsDisplayViewModel.swift */ = {isa = PBXFileReference; lastKnownFileType = sourcecode.swift; path = PostsDisplayViewModel.swift; sourceTree = "<group>"; };
		D277AAFF25E3CD7600F07D85 /* WebserviceHelper.swift */ = {isa = PBXFileReference; lastKnownFileType = sourcecode.swift; path = WebserviceHelper.swift; sourceTree = "<group>"; };
/* End PBXFileReference section */

/* Begin PBXFrameworksBuildPhase section */
		D277AAD925E3A7C800F07D85 /* Frameworks */ = {
			isa = PBXFrameworksBuildPhase;
			buildActionMask = 2147483647;
			files = (
				4171379BC0F76A5475CCD900 /* Pods_PostsViewer.framework in Frameworks */,
			);
			runOnlyForDeploymentPostprocessing = 0;
		};
/* End PBXFrameworksBuildPhase section */

/* Begin PBXGroup section */
		86AC73A236B2B0E20CD557D3 /* Frameworks */ = {
			isa = PBXGroup;
			children = (
				1D31F715F7A74128D7DF671E /* Pods_PostsViewer.framework */,
			);
			name = Frameworks;
			sourceTree = "<group>";
		};
		D277AAD325E3A7C800F07D85 = {
			isa = PBXGroup;
			children = (
				D277AADE25E3A7C800F07D85 /* PostsViewer */,
				D277AADD25E3A7C800F07D85 /* Products */,
				D5FDCDB31CDA4E5C6D404AB3 /* Pods */,
				86AC73A236B2B0E20CD557D3 /* Frameworks */,
			);
			sourceTree = "<group>";
		};
		D277AADD25E3A7C800F07D85 /* Products */ = {
			isa = PBXGroup;
			children = (
				D277AADC25E3A7C800F07D85 /* PostsViewer.app */,
			);
			name = Products;
			sourceTree = "<group>";
		};
		D277AADE25E3A7C800F07D85 /* PostsViewer */ = {
			isa = PBXGroup;
			children = (
				D277AAFE25E3CC4100F07D85 /* WebserviceHelpers */,
				D277AAF925E3BF0D00F07D85 /* ViewModels */,
				D277AAF825E3BEF700F07D85 /* ViewControllers */,
				D277AADF25E3A7C800F07D85 /* AppDelegate.swift */,
				D277AAE325E3A7C800F07D85 /* Main.storyboard */,
				D277AAE925E3A7CB00F07D85 /* Assets.xcassets */,
				D277AAEB25E3A7CB00F07D85 /* LaunchScreen.storyboard */,
				D277AAEE25E3A7CB00F07D85 /* Info.plist */,
				D277AAE625E3A7C800F07D85 /* PostsViewer.xcdatamodeld */,
			);
			path = PostsViewer;
			sourceTree = "<group>";
		};
		D277AAF825E3BEF700F07D85 /* ViewControllers */ = {
			isa = PBXGroup;
			children = (
				D277AAF425E3B10500F07D85 /* LoginVC.swift */,
				D277AAFA25E3C61700F07D85 /* PostsDisplayVC.swift */,
			);
			path = ViewControllers;
			sourceTree = "<group>";
		};
		D277AAF925E3BF0D00F07D85 /* ViewModels */ = {
			isa = PBXGroup;
			children = (
				D277AAF625E3B2F400F07D85 /* LoginViewModel.swift */,
				D277AAFC25E3C65000F07D85 /* PostsDisplayViewModel.swift */,
			);
			path = ViewModels;
			sourceTree = "<group>";
		};
		D277AAFE25E3CC4100F07D85 /* WebserviceHelpers */ = {
			isa = PBXGroup;
			children = (
				D277AAFF25E3CD7600F07D85 /* WebserviceHelper.swift */,
			);
			path = WebserviceHelpers;
			sourceTree = "<group>";
		};
		D5FDCDB31CDA4E5C6D404AB3 /* Pods */ = {
			isa = PBXGroup;
			children = (
				A9D342C9CA32A081F8AE6742 /* Pods-PostsViewer.debug.xcconfig */,
				265BB11E498680B0D364E30E /* Pods-PostsViewer.release.xcconfig */,
			);
			name = Pods;
			sourceTree = "<group>";
		};
/* End PBXGroup section */

/* Begin PBXNativeTarget section */
		D277AADB25E3A7C800F07D85 /* PostsViewer */ = {
			isa = PBXNativeTarget;
			buildConfigurationList = D277AAF125E3A7CB00F07D85 /* Build configuration list for PBXNativeTarget "PostsViewer" */;
			buildPhases = (
				B059367F060DA95459A73663 /* [CP] Check Pods Manifest.lock */,
				D277AAD825E3A7C800F07D85 /* Sources */,
				D277AAD925E3A7C800F07D85 /* Frameworks */,
				D277AADA25E3A7C800F07D85 /* Resources */,
				6A6F44EE37DF5D97A8F7D143 /* [CP] Embed Pods Frameworks */,
			);
			buildRules = (
			);
			dependencies = (
			);
			name = PostsViewer;
			productName = PostsViewer;
			productReference = D277AADC25E3A7C800F07D85 /* PostsViewer.app */;
			productType = "com.apple.product-type.application";
		};
/* End PBXNativeTarget section */

/* Begin PBXProject section */
		D277AAD425E3A7C800F07D85 /* Project object */ = {
			isa = PBXProject;
			attributes = {
				LastSwiftUpdateCheck = 1010;
				LastUpgradeCheck = 1010;
				ORGANIZATIONNAME = keyur.tailor;
				TargetAttributes = {
					D277AADB25E3A7C800F07D85 = {
						CreatedOnToolsVersion = 10.1;
					};
				};
			};
			buildConfigurationList = D277AAD725E3A7C800F07D85 /* Build configuration list for PBXProject "PostsViewer" */;
			compatibilityVersion = "Xcode 9.3";
			developmentRegion = en;
			hasScannedForEncodings = 0;
			knownRegions = (
				en,
				Base,
			);
			mainGroup = D277AAD325E3A7C800F07D85;
			productRefGroup = D277AADD25E3A7C800F07D85 /* Products */;
			projectDirPath = "";
			projectRoot = "";
			targets = (
				D277AADB25E3A7C800F07D85 /* PostsViewer */,
			);
		};
/* End PBXProject section */

/* Begin PBXResourcesBuildPhase section */
		D277AADA25E3A7C800F07D85 /* Resources */ = {
			isa = PBXResourcesBuildPhase;
			buildActionMask = 2147483647;
			files = (
				D277AAED25E3A7CB00F07D85 /* LaunchScreen.storyboard in Resources */,
				D277AAEA25E3A7CB00F07D85 /* Assets.xcassets in Resources */,
				D277AAE525E3A7C800F07D85 /* Main.storyboard in Resources */,
			);
			runOnlyForDeploymentPostprocessing = 0;
		};
/* End PBXResourcesBuildPhase section */

/* Begin PBXShellScriptBuildPhase section */
		6A6F44EE37DF5D97A8F7D143 /* [CP] Embed Pods Frameworks */ = {
			isa = PBXShellScriptBuildPhase;
			buildActionMask = 2147483647;
			files = (
			);
			inputPaths = (
				"${SRCROOT}/Pods/Target Support Files/Pods-PostsViewer/Pods-PostsViewer-frameworks.sh",
				"${BUILT_PRODUCTS_DIR}/Alamofire/Alamofire.framework",
				"${BUILT_PRODUCTS_DIR}/NVActivityIndicatorView/NVActivityIndicatorView.framework",
				"${BUILT_PRODUCTS_DIR}/RxCocoa/RxCocoa.framework",
				"${BUILT_PRODUCTS_DIR}/RxSwift/RxSwift.framework",
			);
			name = "[CP] Embed Pods Frameworks";
			outputPaths = (
				"${TARGET_BUILD_DIR}/${FRAMEWORKS_FOLDER_PATH}/Alamofire.framework",
				"${TARGET_BUILD_DIR}/${FRAMEWORKS_FOLDER_PATH}/NVActivityIndicatorView.framework",
				"${TARGET_BUILD_DIR}/${FRAMEWORKS_FOLDER_PATH}/RxCocoa.framework",
				"${TARGET_BUILD_DIR}/${FRAMEWORKS_FOLDER_PATH}/RxSwift.framework",
			);
			runOnlyForDeploymentPostprocessing = 0;
			shellPath = /bin/sh;
			shellScript = "\"${SRCROOT}/Pods/Target Support Files/Pods-PostsViewer/Pods-PostsViewer-frameworks.sh\"\n";
			showEnvVarsInLog = 0;
		};
		B059367F060DA95459A73663 /* [CP] Check Pods Manifest.lock */ = {
			isa = PBXShellScriptBuildPhase;
			buildActionMask = 2147483647;
			files = (
			);
			inputPaths = (
				"${PODS_PODFILE_DIR_PATH}/Podfile.lock",
				"${PODS_ROOT}/Manifest.lock",
			);
			name = "[CP] Check Pods Manifest.lock";
			outputPaths = (
				"$(DERIVED_FILE_DIR)/Pods-PostsViewer-checkManifestLockResult.txt",
			);
			runOnlyForDeploymentPostprocessing = 0;
			shellPath = /bin/sh;
			shellScript = "diff \"${PODS_PODFILE_DIR_PATH}/Podfile.lock\" \"${PODS_ROOT}/Manifest.lock\" > /dev/null\nif [ $? != 0 ] ; then\n    # print error to STDERR\n    echo \"error: The sandbox is not in sync with the Podfile.lock. Run 'pod install' or update your CocoaPods installation.\" >&2\n    exit 1\nfi\n# This output is used by Xcode 'outputs' to avoid re-running this script phase.\necho \"SUCCESS\" > \"${SCRIPT_OUTPUT_FILE_0}\"\n";
			showEnvVarsInLog = 0;
		};
/* End PBXShellScriptBuildPhase section */

/* Begin PBXSourcesBuildPhase section */
		D277AAD825E3A7C800F07D85 /* Sources */ = {
			isa = PBXSourcesBuildPhase;
			buildActionMask = 2147483647;
			files = (
				D277AAFB25E3C61700F07D85 /* PostsDisplayVC.swift in Sources */,
				D277AAFD25E3C65000F07D85 /* PostsDisplayViewModel.swift in Sources */,
				D277AB0025E3CD7600F07D85 /* WebserviceHelper.swift in Sources */,
				D277AAF725E3B2F400F07D85 /* LoginViewModel.swift in Sources */,
				D277AAE825E3A7C800F07D85 /* PostsViewer.xcdatamodeld in Sources */,
				D277AAF525E3B10500F07D85 /* LoginVC.swift in Sources */,
				D277AAE025E3A7C800F07D85 /* AppDelegate.swift in Sources */,
			);
			runOnlyForDeploymentPostprocessing = 0;
		};
/* End PBXSourcesBuildPhase section */

/* Begin PBXVariantGroup section */
		D277AAE325E3A7C800F07D85 /* Main.storyboard */ = {
			isa = PBXVariantGroup;
			children = (
				D277AAE425E3A7C800F07D85 /* Base */,
			);
			name = Main.storyboard;
			sourceTree = "<group>";
		};
		D277AAEB25E3A7CB00F07D85 /* LaunchScreen.storyboard */ = {
			isa = PBXVariantGroup;
			children = (
				D277AAEC25E3A7CB00F07D85 /* Base */,
			);
			name = LaunchScreen.storyboard;
			sourceTree = "<group>";
		};
/* End PBXVariantGroup section */

/* Begin XCBuildConfiguration section */
		D277AAEF25E3A7CB00F07D85 /* Debug */ = {
			isa = XCBuildConfiguration;
			buildSettings = {
				ALWAYS_SEARCH_USER_PATHS = NO;
				CLANG_ANALYZER_NONNULL = YES;
				CLANG_ANALYZER_NUMBER_OBJECT_CONVERSION = YES_AGGRESSIVE;
				CLANG_CXX_LANGUAGE_STANDARD = "gnu++14";
				CLANG_CXX_LIBRARY = "libc++";
				CLANG_ENABLE_MODULES = YES;
				CLANG_ENABLE_OBJC_ARC = YES;
				CLANG_ENABLE_OBJC_WEAK = YES;
				CLANG_WARN_BLOCK_CAPTURE_AUTORELEASING = YES;
				CLANG_WARN_BOOL_CONVERSION = YES;
				CLANG_WARN_COMMA = YES;
				CLANG_WARN_CONSTANT_CONVERSION = YES;
				CLANG_WARN_DEPRECATED_OBJC_IMPLEMENTATIONS = YES;
				CLANG_WARN_DIRECT_OBJC_ISA_USAGE = YES_ERROR;
				CLANG_WARN_DOCUMENTATION_COMMENTS = YES;
				CLANG_WARN_EMPTY_BODY = YES;
				CLANG_WARN_ENUM_CONVERSION = YES;
				CLANG_WARN_INFINITE_RECURSION = YES;
				CLANG_WARN_INT_CONVERSION = YES;
				CLANG_WARN_NON_LITERAL_NULL_CONVERSION = YES;
				CLANG_WARN_OBJC_IMPLICIT_RETAIN_SELF = YES;
				CLANG_WARN_OBJC_LITERAL_CONVERSION = YES;
				CLANG_WARN_OBJC_ROOT_CLASS = YES_ERROR;
				CLANG_WARN_RANGE_LOOP_ANALYSIS = YES;
				CLANG_WARN_STRICT_PROTOTYPES = YES;
				CLANG_WARN_SUSPICIOUS_MOVE = YES;
				CLANG_WARN_UNGUARDED_AVAILABILITY = YES_AGGRESSIVE;
				CLANG_WARN_UNREACHABLE_CODE = YES;
				CLANG_WARN__DUPLICATE_METHOD_MATCH = YES;
				CODE_SIGN_IDENTITY = "iPhone Developer";
				COPY_PHASE_STRIP = NO;
				DEBUG_INFORMATION_FORMAT = dwarf;
				ENABLE_STRICT_OBJC_MSGSEND = YES;
				ENABLE_TESTABILITY = YES;
				GCC_C_LANGUAGE_STANDARD = gnu11;
				GCC_DYNAMIC_NO_PIC = NO;
				GCC_NO_COMMON_BLOCKS = YES;
				GCC_OPTIMIZATION_LEVEL = 0;
				GCC_PREPROCESSOR_DEFINITIONS = (
					"DEBUG=1",
					"$(inherited)",
				);
				GCC_WARN_64_TO_32_BIT_CONVERSION = YES;
				GCC_WARN_ABOUT_RETURN_TYPE = YES_ERROR;
				GCC_WARN_UNDECLARED_SELECTOR = YES;
				GCC_WARN_UNINITIALIZED_AUTOS = YES_AGGRESSIVE;
				GCC_WARN_UNUSED_FUNCTION = YES;
				GCC_WARN_UNUSED_VARIABLE = YES;
				IPHONEOS_DEPLOYMENT_TARGET = 12.1;
				MTL_ENABLE_DEBUG_INFO = INCLUDE_SOURCE;
				MTL_FAST_MATH = YES;
				ONLY_ACTIVE_ARCH = YES;
				SDKROOT = iphoneos;
				SWIFT_ACTIVE_COMPILATION_CONDITIONS = DEBUG;
				SWIFT_OPTIMIZATION_LEVEL = "-Onone";
			};
			name = Debug;
		};
		D277AAF025E3A7CB00F07D85 /* Release */ = {
			isa = XCBuildConfiguration;
			buildSettings = {
				ALWAYS_SEARCH_USER_PATHS = NO;
				CLANG_ANALYZER_NONNULL = YES;
				CLANG_ANALYZER_NUMBER_OBJECT_CONVERSION = YES_AGGRESSIVE;
				CLANG_CXX_LANGUAGE_STANDARD = "gnu++14";
				CLANG_CXX_LIBRARY = "libc++";
				CLANG_ENABLE_MODULES = YES;
				CLANG_ENABLE_OBJC_ARC = YES;
				CLANG_ENABLE_OBJC_WEAK = YES;
				CLANG_WARN_BLOCK_CAPTURE_AUTORELEASING = YES;
				CLANG_WARN_BOOL_CONVERSION = YES;
				CLANG_WARN_COMMA = YES;
				CLANG_WARN_CONSTANT_CONVERSION = YES;
				CLANG_WARN_DEPRECATED_OBJC_IMPLEMENTATIONS = YES;
				CLANG_WARN_DIRECT_OBJC_ISA_USAGE = YES_ERROR;
				CLANG_WARN_DOCUMENTATION_COMMENTS = YES;
				CLANG_WARN_EMPTY_BODY = YES;
				CLANG_WARN_ENUM_CONVERSION = YES;
				CLANG_WARN_INFINITE_RECURSION = YES;
				CLANG_WARN_INT_CONVERSION = YES;
				CLANG_WARN_NON_LITERAL_NULL_CONVERSION = YES;
				CLANG_WARN_OBJC_IMPLICIT_RETAIN_SELF = YES;
				CLANG_WARN_OBJC_LITERAL_CONVERSION = YES;
				CLANG_WARN_OBJC_ROOT_CLASS = YES_ERROR;
				CLANG_WARN_RANGE_LOOP_ANALYSIS = YES;
				CLANG_WARN_STRICT_PROTOTYPES = YES;
				CLANG_WARN_SUSPICIOUS_MOVE = YES;
				CLANG_WARN_UNGUARDED_AVAILABILITY = YES_AGGRESSIVE;
				CLANG_WARN_UNREACHABLE_CODE = YES;
				CLANG_WARN__DUPLICATE_METHOD_MATCH = YES;
				CODE_SIGN_IDENTITY = "iPhone Developer";
				COPY_PHASE_STRIP = NO;
				DEBUG_INFORMATION_FORMAT = "dwarf-with-dsym";
				ENABLE_NS_ASSERTIONS = NO;
				ENABLE_STRICT_OBJC_MSGSEND = YES;
				GCC_C_LANGUAGE_STANDARD = gnu11;
				GCC_NO_COMMON_BLOCKS = YES;
				GCC_WARN_64_TO_32_BIT_CONVERSION = YES;
				GCC_WARN_ABOUT_RETURN_TYPE = YES_ERROR;
				GCC_WARN_UNDECLARED_SELECTOR = YES;
				GCC_WARN_UNINITIALIZED_AUTOS = YES_AGGRESSIVE;
				GCC_WARN_UNUSED_FUNCTION = YES;
				GCC_WARN_UNUSED_VARIABLE = YES;
				IPHONEOS_DEPLOYMENT_TARGET = 12.1;
				MTL_ENABLE_DEBUG_INFO = NO;
				MTL_FAST_MATH = YES;
				SDKROOT = iphoneos;
				SWIFT_COMPILATION_MODE = wholemodule;
				SWIFT_OPTIMIZATION_LEVEL = "-O";
				VALIDATE_PRODUCT = YES;
			};
			name = Release;
		};
		D277AAF225E3A7CB00F07D85 /* Debug */ = {
			isa = XCBuildConfiguration;
			baseConfigurationReference = A9D342C9CA32A081F8AE6742 /* Pods-PostsViewer.debug.xcconfig */;
			buildSettings = {
				ASSETCATALOG_COMPILER_APPICON_NAME = AppIcon;
				CODE_SIGN_STYLE = Manual;
				DEVELOPMENT_TEAM = "";
				INFOPLIST_FILE = PostsViewer/Info.plist;
				LD_RUNPATH_SEARCH_PATHS = (
					"$(inherited)",
					"@executable_path/Frameworks",
				);
				PRODUCT_BUNDLE_IDENTIFIER = keyur.tailor.PostsViewer;
				PRODUCT_NAME = "$(TARGET_NAME)";
				PROVISIONING_PROFILE_SPECIFIER = "";
				SWIFT_VERSION = 4.2;
				TARGETED_DEVICE_FAMILY = 1;
			};
			name = Debug;
		};
		D277AAF325E3A7CB00F07D85 /* Release */ = {
			isa = XCBuildConfiguration;
			baseConfigurationReference = 265BB11E498680B0D364E30E /* Pods-PostsViewer.release.xcconfig */;
			buildSettings = {
				ASSETCATALOG_COMPILER_APPICON_NAME = AppIcon;
				CODE_SIGN_STYLE = Manual;
				DEVELOPMENT_TEAM = "";
				INFOPLIST_FILE = PostsViewer/Info.plist;
				LD_RUNPATH_SEARCH_PATHS = (
					"$(inherited)",
					"@executable_path/Frameworks",
				);
				PRODUCT_BUNDLE_IDENTIFIER = keyur.tailor.PostsViewer;
				PRODUCT_NAME = "$(TARGET_NAME)";
				PROVISIONING_PROFILE_SPECIFIER = "";
				SWIFT_VERSION = 4.2;
				TARGETED_DEVICE_FAMILY = 1;
			};
			name = Release;
		};
/* End XCBuildConfiguration section */

/* Begin XCConfigurationList section */
		D277AAD725E3A7C800F07D85 /* Build configuration list for PBXProject "PostsViewer" */ = {
			isa = XCConfigurationList;
			buildConfigurations = (
				D277AAEF25E3A7CB00F07D85 /* Debug */,
				D277AAF025E3A7CB00F07D85 /* Release */,
			);
			defaultConfigurationIsVisible = 0;
			defaultConfigurationName = Release;
		};
		D277AAF125E3A7CB00F07D85 /* Build configuration list for PBXNativeTarget "PostsViewer" */ = {
			isa = XCConfigurationList;
			buildConfigurations = (
				D277AAF225E3A7CB00F07D85 /* Debug */,
				D277AAF325E3A7CB00F07D85 /* Release */,
			);
			defaultConfigurationIsVisible = 0;
			defaultConfigurationName = Release;
		};
/* End XCConfigurationList section */

/* Begin XCVersionGroup section */
		D277AAE625E3A7C800F07D85 /* PostsViewer.xcdatamodeld */ = {
			isa = XCVersionGroup;
			children = (
				D277AAE725E3A7C800F07D85 /* PostsViewer.xcdatamodel */,
			);
			currentVersion = D277AAE725E3A7C800F07D85 /* PostsViewer.xcdatamodel */;
			path = PostsViewer.xcdatamodeld;
			sourceTree = "<group>";
			versionGroupType = wrapper.xcdatamodel;
		};
/* End XCVersionGroup section */
	};
	rootObject = D277AAD425E3A7C800F07D85 /* Project object */;
}
